
Microsoft Visual Studio Solution File, Format Version 12.00
# Visual Studio Version 17
VisualStudioVersion = 17.4.33205.214
MinimumVisualStudioVersion = 10.0.40219.1
Project("{2150E333-8FDC-42A3-9474-1A3956D46DE8}") = "Infrastructure", "Infrastructure", "{37980721-79EF-4A26-863F-D2462D3A91E8}"
EndProject
Project("{2150E333-8FDC-42A3-9474-1A3956D46DE8}") = "Microservices", "Microservices", "{6DB98919-808A-4C0B-A7A5-559D65AE9632}"
EndProject
Project("{2150E333-8FDC-42A3-9474-1A3956D46DE8}") = "Security", "Security", "{26C89307-C85B-4188-88A4-63F2FEA932DF}"
EndProject
Project("{2150E333-8FDC-42A3-9474-1A3956D46DE8}") = "Invoice", "Invoice", "{1A848D15-FCD0-41C6-9190-C5408E9A4FCA}"
EndProject
Project("{2150E333-8FDC-42A3-9474-1A3956D46DE8}") = "Pay", "Pay", "{04F24C0C-BF02-4A23-AA30-CD4435CEA9C6}"
EndProject
Project("{2150E333-8FDC-42A3-9474-1A3956D46DE8}") = "Transaction", "Transaction", "{7CFD8C57-269C-44BE-928D-CBBEB8E2352F}"
EndProject
Project("{2150E333-8FDC-42A3-9474-1A3956D46DE8}") = "Gateway", "Gateway", "{5A08DC1B-B3B2-43EB-A80E-DD3C6452887A}"
EndProject
Project("{2150E333-8FDC-42A3-9474-1A3956D46DE8}") = "Bus", "Bus", "{D722D59F-986C-45FC-A736-0A2AB72FA447}"
EndProject
Project("{2150E333-8FDC-42A3-9474-1A3956D46DE8}") = "Application", "Application", "{7584B7D5-6EF8-4014-A52B-C4249FFA8E31}"
EndProject
Project("{2150E333-8FDC-42A3-9474-1A3956D46DE8}") = "Application", "Application", "{97691E2F-D99C-4342-A1FE-02E7811805E9}"
EndProject
Project("{2150E333-8FDC-42A3-9474-1A3956D46DE8}") = "Application", "Application", "{232C3430-3A26-41E9-8D55-360B927F5923}"
EndProject
Project("{2150E333-8FDC-42A3-9474-1A3956D46DE8}") = "Application", "Application", "{D9AED5B7-5DD2-41C0-B019-BD5B11BDE8BD}"
EndProject
Project("{2150E333-8FDC-42A3-9474-1A3956D46DE8}") = "Domain", "Domain", "{3E66D436-F638-4F7D-89D8-EA84DD2E737F}"
EndProject
Project("{2150E333-8FDC-42A3-9474-1A3956D46DE8}") = "Domain", "Domain", "{CFF068A2-3D3A-417B-87AF-9C5ED6370184}"
EndProject
Project("{2150E333-8FDC-42A3-9474-1A3956D46DE8}") = "Domain", "Domain", "{AE73AE09-BE45-479B-B75E-FA7E430745FE}"
EndProject
Project("{2150E333-8FDC-42A3-9474-1A3956D46DE8}") = "Domain", "Domain", "{84918319-E56C-4C88-A2A2-6ECC1718A59E}"
EndProject
Project("{2150E333-8FDC-42A3-9474-1A3956D46DE8}") = "Infrastructure", "Infrastructure", "{494DC4E4-EBA1-443E-96A1-6C78130E74EC}"
EndProject
Project("{2150E333-8FDC-42A3-9474-1A3956D46DE8}") = "Infrastructure", "Infrastructure", "{A396975A-AB3C-4F49-B273-13D6CD0B564B}"
EndProject
Project("{2150E333-8FDC-42A3-9474-1A3956D46DE8}") = "Infrastructure", "Infrastructure", "{89E1C480-9A16-4C44-BEE7-F3EBC7EB5AEA}"
EndProject
Project("{2150E333-8FDC-42A3-9474-1A3956D46DE8}") = "Infrastructure", "Infrastructure", "{B547CAE6-00A9-47B4-A256-976BF289E170}"
EndProject
Project("{2150E333-8FDC-42A3-9474-1A3956D46DE8}") = "Presentation", "Presentation", "{217E540A-B340-4DD4-8018-4483C6D119E2}"
EndProject
Project("{2150E333-8FDC-42A3-9474-1A3956D46DE8}") = "Presentation", "Presentation", "{8EBD13F8-10F5-4D9F-A5F6-1027957B11B9}"
EndProject
Project("{2150E333-8FDC-42A3-9474-1A3956D46DE8}") = "Presentation", "Presentation", "{15746412-CE9E-4B98-AB94-A2186BFD5C30}"
EndProject
Project("{2150E333-8FDC-42A3-9474-1A3956D46DE8}") = "Presentation", "Presentation", "{8AB7F111-AB87-49B6-A9BB-973AF6D6FA51}"
EndProject
Project("{9A19103F-16F7-4668-BE54-9A1E7A4F7556}") = "BCP.Muchik.Security.Infrastructure", "BCP.Muchik.Security.Infrastructure\BCP.Muchik.Security.Infrastructure.csproj", "{579ABBBB-396D-48C5-9592-E0D767F56AE7}"
EndProject
Project("{9A19103F-16F7-4668-BE54-9A1E7A4F7556}") = "BCP.Muchik.Security.Api", "BCP.Muchik.Security.Api\BCP.Muchik.Security.Api.csproj", "{34D340B6-A1DE-4D28-94C5-F9B72450B6D6}"
EndProject
Project("{9A19103F-16F7-4668-BE54-9A1E7A4F7556}") = "BCP.Muchik.Security.Domain", "BCP.Muchik.Security.Domain\BCP.Muchik.Security.Domain.csproj", "{B07C67DC-E993-4CE1-BCF8-EA1880F7F486}"
EndProject
Project("{9A19103F-16F7-4668-BE54-9A1E7A4F7556}") = "BCP.Muchik.Security.Application", "BCP.Muchik.Security.Application\BCP.Muchik.Security.Application.csproj", "{D5DFB6B7-5B22-4E51-B320-E12D7EF881EF}"
EndProject
Project("{9A19103F-16F7-4668-BE54-9A1E7A4F7556}") = "BCP.Muchik.Pay.Application", "BCP.Muchik.Pay.Application\BCP.Muchik.Pay.Application.csproj", "{05323081-1176-49AC-8E13-B2B539061B07}"
EndProject
Project("{9A19103F-16F7-4668-BE54-9A1E7A4F7556}") = "BCP.Muchik.Pay.Domain", "BCP.Muchik.Pay.Domain\BCP.Muchik.Pay.Domain.csproj", "{BD2EE5AF-175E-4600-98BC-E33131D1C775}"
EndProject
Project("{9A19103F-16F7-4668-BE54-9A1E7A4F7556}") = "BCP.Muchik.Pay.Infrastructure", "BCP.Muchik.Pay.Infrastructure\BCP.Muchik.Pay.Infrastructure.csproj", "{4BE80F82-74EA-49C6-AEBB-4F0ED39469FF}"
EndProject
Project("{9A19103F-16F7-4668-BE54-9A1E7A4F7556}") = "BCP.Muchik.Pay.Api", "BCP.Muchik.Pay.Api\BCP.Muchik.Pay.Api.csproj", "{9CFF81F4-C06F-442E-9880-323EBBA91439}"
EndProject
Project("{9A19103F-16F7-4668-BE54-9A1E7A4F7556}") = "BCP.Muchik.Invoice.Api", "BCP.Muchik.Invoice.Api\BCP.Muchik.Invoice.Api.csproj", "{8B3B06AC-88DB-4720-9D6C-BEFC77E2C55A}"
EndProject
Project("{9A19103F-16F7-4668-BE54-9A1E7A4F7556}") = "BCP.Muchik.Transaction.Api", "BCP.Muchik.Transaction.Api\BCP.Muchik.Transaction.Api.csproj", "{9DAE6505-D8BC-401F-85A1-5CA7352D9865}"
EndProject
Project("{9A19103F-16F7-4668-BE54-9A1E7A4F7556}") = "BCP.Muchik.Transaction.Infrastructure", "BCP.Muchik.Transaction.Infrastructure\BCP.Muchik.Transaction.Infrastructure.csproj", "{95B35E11-DF5A-411A-8612-7697FB27AE6D}"
EndProject
Project("{9A19103F-16F7-4668-BE54-9A1E7A4F7556}") = "BCP.Muchik.Invoice.Infrastructure", "BCP.Muchik.Invoice.Infrastructure\BCP.Muchik.Invoice.Infrastructure.csproj", "{1414BB2F-F8EE-4DF9-B01C-81865EF4B10A}"
EndProject
Project("{9A19103F-16F7-4668-BE54-9A1E7A4F7556}") = "BCP.Muchik.Invoice.Domain", "BCP.Muchik.Invoice.Domain\BCP.Muchik.Invoice.Domain.csproj", "{DF84E64E-10EE-4DAA-8285-D8129F6FEC3F}"
EndProject
Project("{9A19103F-16F7-4668-BE54-9A1E7A4F7556}") = "BCP.Muchik.Transaction.Domain", "BCP.Muchik.Transaction.Domain\BCP.Muchik.Transaction.Domain.csproj", "{C0389570-C125-4BFD-BFE7-2447F33880C1}"
EndProject
Project("{9A19103F-16F7-4668-BE54-9A1E7A4F7556}") = "BCP.Muchik.Invoice.Application", "BCP.Muchik.Invoice.Application\BCP.Muchik.Invoice.Application.csproj", "{5CE30984-18AD-4ADD-BC31-161BBD2A2425}"
EndProject
Project("{9A19103F-16F7-4668-BE54-9A1E7A4F7556}") = "BCP.Muchik.Transaction.Application", "BCP.Muchik.Transaction.Application\BCP.Muchik.Transaction.Application.csproj", "{C5536A7B-8B32-4991-8F21-D4596BD77F20}"
EndProject
Project("{9A19103F-16F7-4668-BE54-9A1E7A4F7556}") = "BCP.Muchik.Infrastructure.Bus", "BCP.Muchik.Infrastructure.Bus\BCP.Muchik.Infrastructure.Bus.csproj", "{244C14BF-C195-444C-8292-C0CEA5FB99C1}"
EndProject
Project("{9A19103F-16F7-4668-BE54-9A1E7A4F7556}") = "BCP.Muchik.Infrastructure.Gateway.Api", "BCP.Muchik.Infrastructure.Gateway.Api\BCP.Muchik.Infrastructure.Gateway.Api.csproj", "{072EF479-9A5F-472B-BCD0-B603C60DC7DD}"
EndProject
Project("{2150E333-8FDC-42A3-9474-1A3956D46DE8}") = "CrossCutting", "CrossCutting", "{5D7DC686-66F5-406D-BA6C-6BAB695C7CCC}"
EndProject
Project("{FAE04EC0-301F-11D3-BF4B-00C04F79EFBC}") = "BCP.Muchik.Infrastructure.CrossCutting", "BCP.Muchik.Infrastructure.CrossCutting\BCP.Muchik.Infrastructure.CrossCutting.csproj", "{27E5CE35-DE6A-4E7B-85CC-55BA26564CDD}"
EndProject
Project("{2150E333-8FDC-42A3-9474-1A3956D46DE8}") = "BD", "BD", "{7E295BE9-A94B-4A25-B57A-EF5C08834012}"
	ProjectSection(SolutionItems) = preProject
		db_security.sql = db_security.sql
	EndProjectSection
EndProject
Global
	GlobalSection(SolutionConfigurationPlatforms) = preSolution
		Debug|Any CPU = Debug|Any CPU
		Release|Any CPU = Release|Any CPU
	EndGlobalSection
	GlobalSection(ProjectConfigurationPlatforms) = postSolution
		{579ABBBB-396D-48C5-9592-E0D767F56AE7}.Debug|Any CPU.ActiveCfg = Debug|Any CPU
		{579ABBBB-396D-48C5-9592-E0D767F56AE7}.Debug|Any CPU.Build.0 = Debug|Any CPU
		{579ABBBB-396D-48C5-9592-E0D767F56AE7}.Release|Any CPU.ActiveCfg = Release|Any CPU
		{579ABBBB-396D-48C5-9592-E0D767F56AE7}.Release|Any CPU.Build.0 = Release|Any CPU
		{34D340B6-A1DE-4D28-94C5-F9B72450B6D6}.Debug|Any CPU.ActiveCfg = Debug|Any CPU
		{34D340B6-A1DE-4D28-94C5-F9B72450B6D6}.Debug|Any CPU.Build.0 = Debug|Any CPU
		{34D340B6-A1DE-4D28-94C5-F9B72450B6D6}.Release|Any CPU.ActiveCfg = Release|Any CPU
		{34D340B6-A1DE-4D28-94C5-F9B72450B6D6}.Release|Any CPU.Build.0 = Release|Any CPU
		{B07C67DC-E993-4CE1-BCF8-EA1880F7F486}.Debug|Any CPU.ActiveCfg = Debug|Any CPU
		{B07C67DC-E993-4CE1-BCF8-EA1880F7F486}.Debug|Any CPU.Build.0 = Debug|Any CPU
		{B07C67DC-E993-4CE1-BCF8-EA1880F7F486}.Release|Any CPU.ActiveCfg = Release|Any CPU
		{B07C67DC-E993-4CE1-BCF8-EA1880F7F486}.Release|Any CPU.Build.0 = Release|Any CPU
		{D5DFB6B7-5B22-4E51-B320-E12D7EF881EF}.Debug|Any CPU.ActiveCfg = Debug|Any CPU
		{D5DFB6B7-5B22-4E51-B320-E12D7EF881EF}.Debug|Any CPU.Build.0 = Debug|Any CPU
		{D5DFB6B7-5B22-4E51-B320-E12D7EF881EF}.Release|Any CPU.ActiveCfg = Release|Any CPU
		{D5DFB6B7-5B22-4E51-B320-E12D7EF881EF}.Release|Any CPU.Build.0 = Release|Any CPU
		{05323081-1176-49AC-8E13-B2B539061B07}.Debug|Any CPU.ActiveCfg = Debug|Any CPU
		{05323081-1176-49AC-8E13-B2B539061B07}.Debug|Any CPU.Build.0 = Debug|Any CPU
		{05323081-1176-49AC-8E13-B2B539061B07}.Release|Any CPU.ActiveCfg = Release|Any CPU
		{05323081-1176-49AC-8E13-B2B539061B07}.Release|Any CPU.Build.0 = Release|Any CPU
		{BD2EE5AF-175E-4600-98BC-E33131D1C775}.Debug|Any CPU.ActiveCfg = Debug|Any CPU
		{BD2EE5AF-175E-4600-98BC-E33131D1C775}.Debug|Any CPU.Build.0 = Debug|Any CPU
		{BD2EE5AF-175E-4600-98BC-E33131D1C775}.Release|Any CPU.ActiveCfg = Release|Any CPU
		{BD2EE5AF-175E-4600-98BC-E33131D1C775}.Release|Any CPU.Build.0 = Release|Any CPU
		{4BE80F82-74EA-49C6-AEBB-4F0ED39469FF}.Debug|Any CPU.ActiveCfg = Debug|Any CPU
		{4BE80F82-74EA-49C6-AEBB-4F0ED39469FF}.Debug|Any CPU.Build.0 = Debug|Any CPU
		{4BE80F82-74EA-49C6-AEBB-4F0ED39469FF}.Release|Any CPU.ActiveCfg = Release|Any CPU
		{4BE80F82-74EA-49C6-AEBB-4F0ED39469FF}.Release|Any CPU.Build.0 = Release|Any CPU
		{9CFF81F4-C06F-442E-9880-323EBBA91439}.Debug|Any CPU.ActiveCfg = Debug|Any CPU
		{9CFF81F4-C06F-442E-9880-323EBBA91439}.Debug|Any CPU.Build.0 = Debug|Any CPU
		{9CFF81F4-C06F-442E-9880-323EBBA91439}.Release|Any CPU.ActiveCfg = Release|Any CPU
		{9CFF81F4-C06F-442E-9880-323EBBA91439}.Release|Any CPU.Build.0 = Release|Any CPU
		{8B3B06AC-88DB-4720-9D6C-BEFC77E2C55A}.Debug|Any CPU.ActiveCfg = Debug|Any CPU
		{8B3B06AC-88DB-4720-9D6C-BEFC77E2C55A}.Debug|Any CPU.Build.0 = Debug|Any CPU
		{8B3B06AC-88DB-4720-9D6C-BEFC77E2C55A}.Release|Any CPU.ActiveCfg = Release|Any CPU
		{8B3B06AC-88DB-4720-9D6C-BEFC77E2C55A}.Release|Any CPU.Build.0 = Release|Any CPU
		{9DAE6505-D8BC-401F-85A1-5CA7352D9865}.Debug|Any CPU.ActiveCfg = Debug|Any CPU
		{9DAE6505-D8BC-401F-85A1-5CA7352D9865}.Debug|Any CPU.Build.0 = Debug|Any CPU
		{9DAE6505-D8BC-401F-85A1-5CA7352D9865}.Release|Any CPU.ActiveCfg = Release|Any CPU
		{9DAE6505-D8BC-401F-85A1-5CA7352D9865}.Release|Any CPU.Build.0 = Release|Any CPU
		{95B35E11-DF5A-411A-8612-7697FB27AE6D}.Debug|Any CPU.ActiveCfg = Debug|Any CPU
		{95B35E11-DF5A-411A-8612-7697FB27AE6D}.Debug|Any CPU.Build.0 = Debug|Any CPU
		{95B35E11-DF5A-411A-8612-7697FB27AE6D}.Release|Any CPU.ActiveCfg = Release|Any CPU
		{95B35E11-DF5A-411A-8612-7697FB27AE6D}.Release|Any CPU.Build.0 = Release|Any CPU
		{1414BB2F-F8EE-4DF9-B01C-81865EF4B10A}.Debug|Any CPU.ActiveCfg = Debug|Any CPU
		{1414BB2F-F8EE-4DF9-B01C-81865EF4B10A}.Debug|Any CPU.Build.0 = Debug|Any CPU
		{1414BB2F-F8EE-4DF9-B01C-81865EF4B10A}.Release|Any CPU.ActiveCfg = Release|Any CPU
		{1414BB2F-F8EE-4DF9-B01C-81865EF4B10A}.Release|Any CPU.Build.0 = Release|Any CPU
		{DF84E64E-10EE-4DAA-8285-D8129F6FEC3F}.Debug|Any CPU.ActiveCfg = Debug|Any CPU
		{DF84E64E-10EE-4DAA-8285-D8129F6FEC3F}.Debug|Any CPU.Build.0 = Debug|Any CPU
		{DF84E64E-10EE-4DAA-8285-D8129F6FEC3F}.Release|Any CPU.ActiveCfg = Release|Any CPU
		{DF84E64E-10EE-4DAA-8285-D8129F6FEC3F}.Release|Any CPU.Build.0 = Release|Any CPU
		{C0389570-C125-4BFD-BFE7-2447F33880C1}.Debug|Any CPU.ActiveCfg = Debug|Any CPU
		{C0389570-C125-4BFD-BFE7-2447F33880C1}.Debug|Any CPU.Build.0 = Debug|Any CPU
		{C0389570-C125-4BFD-BFE7-2447F33880C1}.Release|Any CPU.ActiveCfg = Release|Any CPU
		{C0389570-C125-4BFD-BFE7-2447F33880C1}.Release|Any CPU.Build.0 = Release|Any CPU
		{5CE30984-18AD-4ADD-BC31-161BBD2A2425}.Debug|Any CPU.ActiveCfg = Debug|Any CPU
		{5CE30984-18AD-4ADD-BC31-161BBD2A2425}.Debug|Any CPU.Build.0 = Debug|Any CPU
		{5CE30984-18AD-4ADD-BC31-161BBD2A2425}.Release|Any CPU.ActiveCfg = Release|Any CPU
		{5CE30984-18AD-4ADD-BC31-161BBD2A2425}.Release|Any CPU.Build.0 = Release|Any CPU
		{C5536A7B-8B32-4991-8F21-D4596BD77F20}.Debug|Any CPU.ActiveCfg = Debug|Any CPU
		{C5536A7B-8B32-4991-8F21-D4596BD77F20}.Debug|Any CPU.Build.0 = Debug|Any CPU
		{C5536A7B-8B32-4991-8F21-D4596BD77F20}.Release|Any CPU.ActiveCfg = Release|Any CPU
		{C5536A7B-8B32-4991-8F21-D4596BD77F20}.Release|Any CPU.Build.0 = Release|Any CPU
		{244C14BF-C195-444C-8292-C0CEA5FB99C1}.Debug|Any CPU.ActiveCfg = Debug|Any CPU
		{244C14BF-C195-444C-8292-C0CEA5FB99C1}.Debug|Any CPU.Build.0 = Debug|Any CPU
		{244C14BF-C195-444C-8292-C0CEA5FB99C1}.Release|Any CPU.ActiveCfg = Release|Any CPU
		{244C14BF-C195-444C-8292-C0CEA5FB99C1}.Release|Any CPU.Build.0 = Release|Any CPU
		{072EF479-9A5F-472B-BCD0-B603C60DC7DD}.Debug|Any CPU.ActiveCfg = Debug|Any CPU
		{072EF479-9A5F-472B-BCD0-B603C60DC7DD}.Debug|Any CPU.Build.0 = Debug|Any CPU
		{072EF479-9A5F-472B-BCD0-B603C60DC7DD}.Release|Any CPU.ActiveCfg = Release|Any CPU
		{072EF479-9A5F-472B-BCD0-B603C60DC7DD}.Release|Any CPU.Build.0 = Release|Any CPU
		{27E5CE35-DE6A-4E7B-85CC-55BA26564CDD}.Debug|Any CPU.ActiveCfg = Debug|Any CPU
		{27E5CE35-DE6A-4E7B-85CC-55BA26564CDD}.Debug|Any CPU.Build.0 = Debug|Any CPU
		{27E5CE35-DE6A-4E7B-85CC-55BA26564CDD}.Release|Any CPU.ActiveCfg = Release|Any CPU
		{27E5CE35-DE6A-4E7B-85CC-55BA26564CDD}.Release|Any CPU.Build.0 = Release|Any CPU
	EndGlobalSection
	GlobalSection(SolutionProperties) = preSolution
		HideSolutionNode = FALSE
	EndGlobalSection
	GlobalSection(NestedProjects) = preSolution
		{26C89307-C85B-4188-88A4-63F2FEA932DF} = {6DB98919-808A-4C0B-A7A5-559D65AE9632}
		{1A848D15-FCD0-41C6-9190-C5408E9A4FCA} = {6DB98919-808A-4C0B-A7A5-559D65AE9632}
		{04F24C0C-BF02-4A23-AA30-CD4435CEA9C6} = {6DB98919-808A-4C0B-A7A5-559D65AE9632}
		{7CFD8C57-269C-44BE-928D-CBBEB8E2352F} = {6DB98919-808A-4C0B-A7A5-559D65AE9632}
		{5A08DC1B-B3B2-43EB-A80E-DD3C6452887A} = {37980721-79EF-4A26-863F-D2462D3A91E8}
		{D722D59F-986C-45FC-A736-0A2AB72FA447} = {37980721-79EF-4A26-863F-D2462D3A91E8}
		{7584B7D5-6EF8-4014-A52B-C4249FFA8E31} = {26C89307-C85B-4188-88A4-63F2FEA932DF}
		{97691E2F-D99C-4342-A1FE-02E7811805E9} = {04F24C0C-BF02-4A23-AA30-CD4435CEA9C6}
		{232C3430-3A26-41E9-8D55-360B927F5923} = {1A848D15-FCD0-41C6-9190-C5408E9A4FCA}
		{D9AED5B7-5DD2-41C0-B019-BD5B11BDE8BD} = {7CFD8C57-269C-44BE-928D-CBBEB8E2352F}
		{3E66D436-F638-4F7D-89D8-EA84DD2E737F} = {26C89307-C85B-4188-88A4-63F2FEA932DF}
		{CFF068A2-3D3A-417B-87AF-9C5ED6370184} = {04F24C0C-BF02-4A23-AA30-CD4435CEA9C6}
		{AE73AE09-BE45-479B-B75E-FA7E430745FE} = {1A848D15-FCD0-41C6-9190-C5408E9A4FCA}
		{84918319-E56C-4C88-A2A2-6ECC1718A59E} = {7CFD8C57-269C-44BE-928D-CBBEB8E2352F}
		{494DC4E4-EBA1-443E-96A1-6C78130E74EC} = {26C89307-C85B-4188-88A4-63F2FEA932DF}
		{A396975A-AB3C-4F49-B273-13D6CD0B564B} = {04F24C0C-BF02-4A23-AA30-CD4435CEA9C6}
		{89E1C480-9A16-4C44-BEE7-F3EBC7EB5AEA} = {1A848D15-FCD0-41C6-9190-C5408E9A4FCA}
		{B547CAE6-00A9-47B4-A256-976BF289E170} = {7CFD8C57-269C-44BE-928D-CBBEB8E2352F}
		{217E540A-B340-4DD4-8018-4483C6D119E2} = {26C89307-C85B-4188-88A4-63F2FEA932DF}
		{8EBD13F8-10F5-4D9F-A5F6-1027957B11B9} = {04F24C0C-BF02-4A23-AA30-CD4435CEA9C6}
		{15746412-CE9E-4B98-AB94-A2186BFD5C30} = {1A848D15-FCD0-41C6-9190-C5408E9A4FCA}
		{8AB7F111-AB87-49B6-A9BB-973AF6D6FA51} = {7CFD8C57-269C-44BE-928D-CBBEB8E2352F}
		{579ABBBB-396D-48C5-9592-E0D767F56AE7} = {494DC4E4-EBA1-443E-96A1-6C78130E74EC}
		{34D340B6-A1DE-4D28-94C5-F9B72450B6D6} = {217E540A-B340-4DD4-8018-4483C6D119E2}
		{B07C67DC-E993-4CE1-BCF8-EA1880F7F486} = {3E66D436-F638-4F7D-89D8-EA84DD2E737F}
		{D5DFB6B7-5B22-4E51-B320-E12D7EF881EF} = {7584B7D5-6EF8-4014-A52B-C4249FFA8E31}
		{05323081-1176-49AC-8E13-B2B539061B07} = {97691E2F-D99C-4342-A1FE-02E7811805E9}
		{BD2EE5AF-175E-4600-98BC-E33131D1C775} = {CFF068A2-3D3A-417B-87AF-9C5ED6370184}
		{4BE80F82-74EA-49C6-AEBB-4F0ED39469FF} = {A396975A-AB3C-4F49-B273-13D6CD0B564B}
		{9CFF81F4-C06F-442E-9880-323EBBA91439} = {8EBD13F8-10F5-4D9F-A5F6-1027957B11B9}
		{8B3B06AC-88DB-4720-9D6C-BEFC77E2C55A} = {15746412-CE9E-4B98-AB94-A2186BFD5C30}
		{9DAE6505-D8BC-401F-85A1-5CA7352D9865} = {8AB7F111-AB87-49B6-A9BB-973AF6D6FA51}
		{95B35E11-DF5A-411A-8612-7697FB27AE6D} = {B547CAE6-00A9-47B4-A256-976BF289E170}
		{1414BB2F-F8EE-4DF9-B01C-81865EF4B10A} = {89E1C480-9A16-4C44-BEE7-F3EBC7EB5AEA}
		{DF84E64E-10EE-4DAA-8285-D8129F6FEC3F} = {AE73AE09-BE45-479B-B75E-FA7E430745FE}
		{C0389570-C125-4BFD-BFE7-2447F33880C1} = {84918319-E56C-4C88-A2A2-6ECC1718A59E}
		{5CE30984-18AD-4ADD-BC31-161BBD2A2425} = {232C3430-3A26-41E9-8D55-360B927F5923}
		{C5536A7B-8B32-4991-8F21-D4596BD77F20} = {D9AED5B7-5DD2-41C0-B019-BD5B11BDE8BD}
		{244C14BF-C195-444C-8292-C0CEA5FB99C1} = {D722D59F-986C-45FC-A736-0A2AB72FA447}
		{072EF479-9A5F-472B-BCD0-B603C60DC7DD} = {5A08DC1B-B3B2-43EB-A80E-DD3C6452887A}
		{5D7DC686-66F5-406D-BA6C-6BAB695C7CCC} = {37980721-79EF-4A26-863F-D2462D3A91E8}
		{27E5CE35-DE6A-4E7B-85CC-55BA26564CDD} = {5D7DC686-66F5-406D-BA6C-6BAB695C7CCC}
		{7E295BE9-A94B-4A25-B57A-EF5C08834012} = {37980721-79EF-4A26-863F-D2462D3A91E8}
	EndGlobalSection
	GlobalSection(ExtensibilityGlobals) = postSolution
		SolutionGuid = {037979E6-7FA4-4100-87BC-FEE63F9DA14C}
	EndGlobalSection
EndGlobal
